
Microsoft Visual Studio Solution File, Format Version 12.00
# Visual Studio Version 17
VisualStudioVersion = 17.2.32616.157
MinimumVisualStudioVersion = 10.0.40219.1
Project("{2150E333-8FDC-42A3-9474-1A3956D46DE8}") = "NewFolder1", "NewFolder1", "{462B637A-91B8-412E-9BF7-68DB68DD9077}"
EndProject
Project("{9A19103F-16F7-4668-BE54-9A1E7A4F7556}") = "WebCoreEFMVC", "WebCoreEFMVC\WebCoreEFMVC.csproj", "{C64D4801-C52C-4CB7-BC6C-C729E1E6887A}"
EndProject
Global
	GlobalSection(SolutionConfigurationPlatforms) = preSolution
		Debug|Any CPU = Debug|Any CPU
		Release|Any CPU = Release|Any CPU
	EndGlobalSection
	GlobalSection(ProjectConfigurationPlatforms) = postSolution
		{C64D4801-C52C-4CB7-BC6C-C729E1E6887A}.Debug|Any CPU.ActiveCfg = Debug|Any CPU
		{C64D4801-C52C-4CB7-BC6C-C729E1E6887A}.Debug|Any CPU.Build.0 = Debug|Any CPU
		{C64D4801-C52C-4CB7-BC6C-C729E1E6887A}.Release|Any CPU.ActiveCfg = Release|Any CPU
		{C64D4801-C52C-4CB7-BC6C-C729E1E6887A}.Release|Any CPU.Build.0 = Release|Any CPU
	EndGlobalSection
	GlobalSection(SolutionProperties) = preSolution
		HideSolutionNode = FALSE
	EndGlobalSection
	GlobalSection(ExtensibilityGlobals) = postSolution
		SolutionGuid = {B4BD7D39-D01A-4F62-89B7-0D34774D41A7}
	EndGlobalSection
EndGlobal
